
Microsoft Visual Studio Solution File, Format Version 12.00
# Visual Studio Version 16
VisualStudioVersion = 16.0.30204.135
MinimumVisualStudioVersion = 10.0.40219.1
Project("{FAE04EC0-301F-11D3-BF4B-00C04F79EFBC}") = "RegistrationData", "RegistrationData\RegistrationData.csproj", "{0B2DBDB0-2030-49CC-975D-A9D89F826D77}"
EndProject
Global
	GlobalSection(SolutionConfigurationPlatforms) = preSolution
		Debug|Any CPU = Debug|Any CPU
		Release|Any CPU = Release|Any CPU
	EndGlobalSection
	GlobalSection(ProjectConfigurationPlatforms) = postSolution
		{0B2DBDB0-2030-49CC-975D-A9D89F826D77}.Debug|Any CPU.ActiveCfg = Debug|Any CPU
		{0B2DBDB0-2030-49CC-975D-A9D89F826D77}.Debug|Any CPU.Build.0 = Debug|Any CPU
		{0B2DBDB0-2030-49CC-975D-A9D89F826D77}.Release|Any CPU.ActiveCfg = Release|Any CPU
		{0B2DBDB0-2030-49CC-975D-A9D89F826D77}.Release|Any CPU.Build.0 = Release|Any CPU
	EndGlobalSection
	GlobalSection(SolutionProperties) = preSolution
		HideSolutionNode = FALSE
	EndGlobalSection
	GlobalSection(ExtensibilityGlobals) = postSolution
		SolutionGuid = {5AF09703-9830-4A42-9DBF-53C6ECC80523}
	EndGlobalSection
EndGlobal
